
Microsoft Visual Studio Solution File, Format Version 12.00
# Visual Studio Version 17
VisualStudioVersion = 17.0.31903.59
MinimumVisualStudioVersion = 10.0.40219.1
Project("{2150E333-8FDC-42A3-9474-1A3956D46DE8}") = "src", "src", "{DAFE9DF3-1FA0-4BC9-94EE-A99D91D2E646}"
EndProject
Project("{2150E333-8FDC-42A3-9474-1A3956D46DE8}") = "VirtualMachine", "VirtualMachine", "{4586D4AC-5A05-4E8A-8331-AE0A1FAE67D2}"
EndProject
Project("{2150E333-8FDC-42A3-9474-1A3956D46DE8}") = "Core", "Core", "{81ACA360-A8EA-45EE-B41F-25A24B783174}"
EndProject
Project("{FAE04EC0-301F-11D3-BF4B-00C04F79EFBC}") = "Redplcs.ChipEight.VirtualMachine.Core", "src\VirtualMachine\Core\src\Redplcs.ChipEight.VirtualMachine.Core.csproj", "{2452DB60-8B9F-41DE-8A76-FF7E425B005A}"
EndProject
Project("{FAE04EC0-301F-11D3-BF4B-00C04F79EFBC}") = "Redplcs.ChipEight.VirtualMachine.Core.Tests", "src\VirtualMachine\Core\tests\Redplcs.ChipEight.VirtualMachine.Core.Tests.csproj", "{6D4FEC7E-8962-4B43-93B2-192800D0C555}"
EndProject
Global
	GlobalSection(SolutionConfigurationPlatforms) = preSolution
		Debug|Any CPU = Debug|Any CPU
		Release|Any CPU = Release|Any CPU
	EndGlobalSection
	GlobalSection(SolutionProperties) = preSolution
		HideSolutionNode = FALSE
	EndGlobalSection
	GlobalSection(ProjectConfigurationPlatforms) = postSolution
		{2452DB60-8B9F-41DE-8A76-FF7E425B005A}.Debug|Any CPU.ActiveCfg = Debug|Any CPU
		{2452DB60-8B9F-41DE-8A76-FF7E425B005A}.Debug|Any CPU.Build.0 = Debug|Any CPU
		{2452DB60-8B9F-41DE-8A76-FF7E425B005A}.Release|Any CPU.ActiveCfg = Release|Any CPU
		{2452DB60-8B9F-41DE-8A76-FF7E425B005A}.Release|Any CPU.Build.0 = Release|Any CPU
		{6D4FEC7E-8962-4B43-93B2-192800D0C555}.Debug|Any CPU.ActiveCfg = Debug|Any CPU
		{6D4FEC7E-8962-4B43-93B2-192800D0C555}.Debug|Any CPU.Build.0 = Debug|Any CPU
		{6D4FEC7E-8962-4B43-93B2-192800D0C555}.Release|Any CPU.ActiveCfg = Release|Any CPU
		{6D4FEC7E-8962-4B43-93B2-192800D0C555}.Release|Any CPU.Build.0 = Release|Any CPU
	EndGlobalSection
	GlobalSection(NestedProjects) = preSolution
		{4586D4AC-5A05-4E8A-8331-AE0A1FAE67D2} = {DAFE9DF3-1FA0-4BC9-94EE-A99D91D2E646}
		{81ACA360-A8EA-45EE-B41F-25A24B783174} = {4586D4AC-5A05-4E8A-8331-AE0A1FAE67D2}
		{2452DB60-8B9F-41DE-8A76-FF7E425B005A} = {81ACA360-A8EA-45EE-B41F-25A24B783174}
		{6D4FEC7E-8962-4B43-93B2-192800D0C555} = {81ACA360-A8EA-45EE-B41F-25A24B783174}
	EndGlobalSection
EndGlobal
